
Microsoft Visual Studio Solution File, Format Version 12.00
# Visual Studio 14
VisualStudioVersion = 14.0.25123.0
MinimumVisualStudioVersion = 10.0.40219.1
Project("{FAE04EC0-301F-11D3-BF4B-00C04F79EFBC}") = "iCoffe.Droid", "iCoffe\iCoffe.Droid\iCoffe.Droid.csproj", "{5116F7C9-4A70-405A-87C0-ADE5ABEC805C}"
EndProject
Project("{FAE04EC0-301F-11D3-BF4B-00C04F79EFBC}") = "iCoffe.iOS", "iCoffe\iCoffe.iOS\iCoffe.iOS.csproj", "{A903BFE7-5A27-4E67-94FF-08BCC0C815FD}"
EndProject
Project("{FAE04EC0-301F-11D3-BF4B-00C04F79EFBC}") = "iCoffe.WinPhone", "iCoffe\iCoffe.WinPhone\iCoffe.WinPhone.csproj", "{74DE6CC2-0695-4C68-84F9-61F7BF0E75F6}"
EndProject
Project("{D954291E-2A0B-460D-934E-DC6B0785DB48}") = "iCoffe", "iCoffe\iCoffe\iCoffe.shproj", "{2E383F7A-5BD0-42DD-A5E1-BEEDCBB11C5D}"
EndProject
Global
	GlobalSection(SharedMSBuildProjectFiles) = preSolution
		iCoffe\iCoffe\iCoffe.projitems*{5116f7c9-4a70-405a-87c0-ade5abec805c}*SharedItemsImports = 4
		iCoffe\iCoffe\iCoffe.projitems*{2e383f7a-5bd0-42dd-a5e1-beedcbb11c5d}*SharedItemsImports = 13
		iCoffe\iCoffe\iCoffe.projitems*{a903bfe7-5a27-4e67-94ff-08bcc0c815fd}*SharedItemsImports = 4
		iCoffe\iCoffe\iCoffe.projitems*{74de6cc2-0695-4c68-84f9-61f7bf0e75f6}*SharedItemsImports = 4
	EndGlobalSection
	GlobalSection(SolutionConfigurationPlatforms) = preSolution
		AppStore|Any CPU = AppStore|Any CPU
		AppStore|ARM = AppStore|ARM
		AppStore|iPhone = AppStore|iPhone
		AppStore|iPhoneSimulator = AppStore|iPhoneSimulator
		AppStore|x86 = AppStore|x86
		Debug|Any CPU = Debug|Any CPU
		Debug|ARM = Debug|ARM
		Debug|iPhone = Debug|iPhone
		Debug|iPhoneSimulator = Debug|iPhoneSimulator
		Debug|x86 = Debug|x86
		Release|Any CPU = Release|Any CPU
		Release|ARM = Release|ARM
		Release|iPhone = Release|iPhone
		Release|iPhoneSimulator = Release|iPhoneSimulator
		Release|x86 = Release|x86
	EndGlobalSection
	GlobalSection(ProjectConfigurationPlatforms) = postSolution
		{5116F7C9-4A70-405A-87C0-ADE5ABEC805C}.AppStore|Any CPU.ActiveCfg = Release|Any CPU
		{5116F7C9-4A70-405A-87C0-ADE5ABEC805C}.AppStore|Any CPU.Build.0 = Release|Any CPU
		{5116F7C9-4A70-405A-87C0-ADE5ABEC805C}.AppStore|Any CPU.Deploy.0 = Release|Any CPU
		{5116F7C9-4A70-405A-87C0-ADE5ABEC805C}.AppStore|ARM.ActiveCfg = Release|Any CPU
		{5116F7C9-4A70-405A-87C0-ADE5ABEC805C}.AppStore|ARM.Build.0 = Release|Any CPU
		{5116F7C9-4A70-405A-87C0-ADE5ABEC805C}.AppStore|ARM.Deploy.0 = Release|Any CPU
		{5116F7C9-4A70-405A-87C0-ADE5ABEC805C}.AppStore|iPhone.ActiveCfg = Release|Any CPU
		{5116F7C9-4A70-405A-87C0-ADE5ABEC805C}.AppStore|iPhone.Build.0 = Release|Any CPU
		{5116F7C9-4A70-405A-87C0-ADE5ABEC805C}.AppStore|iPhone.Deploy.0 = Release|Any CPU
		{5116F7C9-4A70-405A-87C0-ADE5ABEC805C}.AppStore|iPhoneSimulator.ActiveCfg = Release|Any CPU
		{5116F7C9-4A70-405A-87C0-ADE5ABEC805C}.AppStore|iPhoneSimulator.Build.0 = Release|Any CPU
		{5116F7C9-4A70-405A-87C0-ADE5ABEC805C}.AppStore|iPhoneSimulator.Deploy.0 = Release|Any CPU
		{5116F7C9-4A70-405A-87C0-ADE5ABEC805C}.AppStore|x86.ActiveCfg = Release|Any CPU
		{5116F7C9-4A70-405A-87C0-ADE5ABEC805C}.AppStore|x86.Build.0 = Release|Any CPU
		{5116F7C9-4A70-405A-87C0-ADE5ABEC805C}.AppStore|x86.Deploy.0 = Release|Any CPU
		{5116F7C9-4A70-405A-87C0-ADE5ABEC805C}.Debug|Any CPU.ActiveCfg = Debug|Any CPU
		{5116F7C9-4A70-405A-87C0-ADE5ABEC805C}.Debug|Any CPU.Build.0 = Debug|Any CPU
		{5116F7C9-4A70-405A-87C0-ADE5ABEC805C}.Debug|Any CPU.Deploy.0 = Debug|Any CPU
		{5116F7C9-4A70-405A-87C0-ADE5ABEC805C}.Debug|ARM.ActiveCfg = Debug|Any CPU
		{5116F7C9-4A70-405A-87C0-ADE5ABEC805C}.Debug|ARM.Build.0 = Debug|Any CPU
		{5116F7C9-4A70-405A-87C0-ADE5ABEC805C}.Debug|ARM.Deploy.0 = Debug|Any CPU
		{5116F7C9-4A70-405A-87C0-ADE5ABEC805C}.Debug|iPhone.ActiveCfg = Debug|Any CPU
		{5116F7C9-4A70-405A-87C0-ADE5ABEC805C}.Debug|iPhone.Build.0 = Debug|Any CPU
		{5116F7C9-4A70-405A-87C0-ADE5ABEC805C}.Debug|iPhone.Deploy.0 = Debug|Any CPU
		{5116F7C9-4A70-405A-87C0-ADE5ABEC805C}.Debug|iPhoneSimulator.ActiveCfg = Debug|Any CPU
		{5116F7C9-4A70-405A-87C0-ADE5ABEC805C}.Debug|iPhoneSimulator.Build.0 = Debug|Any CPU
		{5116F7C9-4A70-405A-87C0-ADE5ABEC805C}.Debug|iPhoneSimulator.Deploy.0 = Debug|Any CPU
		{5116F7C9-4A70-405A-87C0-ADE5ABEC805C}.Debug|x86.ActiveCfg = Debug|Any CPU
		{5116F7C9-4A70-405A-87C0-ADE5ABEC805C}.Debug|x86.Build.0 = Debug|Any CPU
		{5116F7C9-4A70-405A-87C0-ADE5ABEC805C}.Debug|x86.Deploy.0 = Debug|Any CPU
		{5116F7C9-4A70-405A-87C0-ADE5ABEC805C}.Release|Any CPU.ActiveCfg = Release|Any CPU
		{5116F7C9-4A70-405A-87C0-ADE5ABEC805C}.Release|Any CPU.Build.0 = Release|Any CPU
		{5116F7C9-4A70-405A-87C0-ADE5ABEC805C}.Release|Any CPU.Deploy.0 = Release|Any CPU
		{5116F7C9-4A70-405A-87C0-ADE5ABEC805C}.Release|ARM.ActiveCfg = Release|Any CPU
		{5116F7C9-4A70-405A-87C0-ADE5ABEC805C}.Release|ARM.Build.0 = Release|Any CPU
		{5116F7C9-4A70-405A-87C0-ADE5ABEC805C}.Release|ARM.Deploy.0 = Release|Any CPU
		{5116F7C9-4A70-405A-87C0-ADE5ABEC805C}.Release|iPhone.ActiveCfg = Release|Any CPU
		{5116F7C9-4A70-405A-87C0-ADE5ABEC805C}.Release|iPhone.Build.0 = Release|Any CPU
		{5116F7C9-4A70-405A-87C0-ADE5ABEC805C}.Release|iPhone.Deploy.0 = Release|Any CPU
		{5116F7C9-4A70-405A-87C0-ADE5ABEC805C}.Release|iPhoneSimulator.ActiveCfg = Release|Any CPU
		{5116F7C9-4A70-405A-87C0-ADE5ABEC805C}.Release|iPhoneSimulator.Build.0 = Release|Any CPU
		{5116F7C9-4A70-405A-87C0-ADE5ABEC805C}.Release|iPhoneSimulator.Deploy.0 = Release|Any CPU
		{5116F7C9-4A70-405A-87C0-ADE5ABEC805C}.Release|x86.ActiveCfg = Release|Any CPU
		{5116F7C9-4A70-405A-87C0-ADE5ABEC805C}.Release|x86.Build.0 = Release|Any CPU
		{5116F7C9-4A70-405A-87C0-ADE5ABEC805C}.Release|x86.Deploy.0 = Release|Any CPU
		{A903BFE7-5A27-4E67-94FF-08BCC0C815FD}.AppStore|Any CPU.ActiveCfg = Release|iPhoneSimulator
		{A903BFE7-5A27-4E67-94FF-08BCC0C815FD}.AppStore|Any CPU.Build.0 = Release|iPhoneSimulator
		{A903BFE7-5A27-4E67-94FF-08BCC0C815FD}.AppStore|ARM.ActiveCfg = Release|iPhoneSimulator
		{A903BFE7-5A27-4E67-94FF-08BCC0C815FD}.AppStore|ARM.Build.0 = Release|iPhoneSimulator
		{A903BFE7-5A27-4E67-94FF-08BCC0C815FD}.AppStore|iPhone.ActiveCfg = Release|iPhone
		{A903BFE7-5A27-4E67-94FF-08BCC0C815FD}.AppStore|iPhone.Build.0 = Release|iPhone
		{A903BFE7-5A27-4E67-94FF-08BCC0C815FD}.AppStore|iPhoneSimulator.ActiveCfg = Release|iPhoneSimulator
		{A903BFE7-5A27-4E67-94FF-08BCC0C815FD}.AppStore|iPhoneSimulator.Build.0 = Release|iPhoneSimulator
		{A903BFE7-5A27-4E67-94FF-08BCC0C815FD}.AppStore|x86.ActiveCfg = Release|iPhoneSimulator
		{A903BFE7-5A27-4E67-94FF-08BCC0C815FD}.AppStore|x86.Build.0 = Release|iPhoneSimulator
		{A903BFE7-5A27-4E67-94FF-08BCC0C815FD}.Debug|Any CPU.ActiveCfg = Debug|iPhone
		{A903BFE7-5A27-4E67-94FF-08BCC0C815FD}.Debug|ARM.ActiveCfg = Debug|iPhone
		{A903BFE7-5A27-4E67-94FF-08BCC0C815FD}.Debug|iPhone.ActiveCfg = Debug|iPhone
		{A903BFE7-5A27-4E67-94FF-08BCC0C815FD}.Debug|iPhone.Build.0 = Debug|iPhone
		{A903BFE7-5A27-4E67-94FF-08BCC0C815FD}.Debug|iPhoneSimulator.ActiveCfg = Debug|iPhoneSimulator
		{A903BFE7-5A27-4E67-94FF-08BCC0C815FD}.Debug|iPhoneSimulator.Build.0 = Debug|iPhoneSimulator
		{A903BFE7-5A27-4E67-94FF-08BCC0C815FD}.Debug|x86.ActiveCfg = Debug|iPhone
		{A903BFE7-5A27-4E67-94FF-08BCC0C815FD}.Release|Any CPU.ActiveCfg = Release|iPhone
		{A903BFE7-5A27-4E67-94FF-08BCC0C815FD}.Release|ARM.ActiveCfg = Release|iPhone
		{A903BFE7-5A27-4E67-94FF-08BCC0C815FD}.Release|iPhone.ActiveCfg = Release|iPhone
		{A903BFE7-5A27-4E67-94FF-08BCC0C815FD}.Release|iPhone.Build.0 = Release|iPhone
		{A903BFE7-5A27-4E67-94FF-08BCC0C815FD}.Release|iPhoneSimulator.ActiveCfg = Release|iPhoneSimulator
		{A903BFE7-5A27-4E67-94FF-08BCC0C815FD}.Release|iPhoneSimulator.Build.0 = Release|iPhoneSimulator
		{A903BFE7-5A27-4E67-94FF-08BCC0C815FD}.Release|x86.ActiveCfg = Release|iPhone
		{74DE6CC2-0695-4C68-84F9-61F7BF0E75F6}.AppStore|Any CPU.ActiveCfg = Release|Any CPU
		{74DE6CC2-0695-4C68-84F9-61F7BF0E75F6}.AppStore|Any CPU.Build.0 = Release|Any CPU
		{74DE6CC2-0695-4C68-84F9-61F7BF0E75F6}.AppStore|Any CPU.Deploy.0 = Release|Any CPU
		{74DE6CC2-0695-4C68-84F9-61F7BF0E75F6}.AppStore|ARM.ActiveCfg = Release|ARM
		{74DE6CC2-0695-4C68-84F9-61F7BF0E75F6}.AppStore|ARM.Build.0 = Release|ARM
		{74DE6CC2-0695-4C68-84F9-61F7BF0E75F6}.AppStore|ARM.Deploy.0 = Release|ARM
		{74DE6CC2-0695-4C68-84F9-61F7BF0E75F6}.AppStore|iPhone.ActiveCfg = Release|Any CPU
		{74DE6CC2-0695-4C68-84F9-61F7BF0E75F6}.AppStore|iPhone.Build.0 = Release|Any CPU
		{74DE6CC2-0695-4C68-84F9-61F7BF0E75F6}.AppStore|iPhone.Deploy.0 = Release|Any CPU
		{74DE6CC2-0695-4C68-84F9-61F7BF0E75F6}.AppStore|iPhoneSimulator.ActiveCfg = Release|Any CPU
		{74DE6CC2-0695-4C68-84F9-61F7BF0E75F6}.AppStore|iPhoneSimulator.Build.0 = Release|Any CPU
		{74DE6CC2-0695-4C68-84F9-61F7BF0E75F6}.AppStore|iPhoneSimulator.Deploy.0 = Release|Any CPU
		{74DE6CC2-0695-4C68-84F9-61F7BF0E75F6}.AppStore|x86.ActiveCfg = Release|x86
		{74DE6CC2-0695-4C68-84F9-61F7BF0E75F6}.AppStore|x86.Build.0 = Release|x86
		{74DE6CC2-0695-4C68-84F9-61F7BF0E75F6}.AppStore|x86.Deploy.0 = Release|x86
		{74DE6CC2-0695-4C68-84F9-61F7BF0E75F6}.Debug|Any CPU.ActiveCfg = Debug|Any CPU
		{74DE6CC2-0695-4C68-84F9-61F7BF0E75F6}.Debug|Any CPU.Build.0 = Debug|Any CPU
		{74DE6CC2-0695-4C68-84F9-61F7BF0E75F6}.Debug|Any CPU.Deploy.0 = Debug|Any CPU
		{74DE6CC2-0695-4C68-84F9-61F7BF0E75F6}.Debug|ARM.ActiveCfg = Debug|ARM
		{74DE6CC2-0695-4C68-84F9-61F7BF0E75F6}.Debug|ARM.Build.0 = Debug|ARM
		{74DE6CC2-0695-4C68-84F9-61F7BF0E75F6}.Debug|ARM.Deploy.0 = Debug|ARM
		{74DE6CC2-0695-4C68-84F9-61F7BF0E75F6}.Debug|iPhone.ActiveCfg = Debug|Any CPU
		{74DE6CC2-0695-4C68-84F9-61F7BF0E75F6}.Debug|iPhone.Build.0 = Debug|Any CPU
		{74DE6CC2-0695-4C68-84F9-61F7BF0E75F6}.Debug|iPhone.Deploy.0 = Debug|Any CPU
		{74DE6CC2-0695-4C68-84F9-61F7BF0E75F6}.Debug|iPhoneSimulator.ActiveCfg = Debug|Any CPU
		{74DE6CC2-0695-4C68-84F9-61F7BF0E75F6}.Debug|iPhoneSimulator.Build.0 = Debug|Any CPU
		{74DE6CC2-0695-4C68-84F9-61F7BF0E75F6}.Debug|iPhoneSimulator.Deploy.0 = Debug|Any CPU
		{74DE6CC2-0695-4C68-84F9-61F7BF0E75F6}.Debug|x86.ActiveCfg = Debug|x86
		{74DE6CC2-0695-4C68-84F9-61F7BF0E75F6}.Debug|x86.Build.0 = Debug|x86
		{74DE6CC2-0695-4C68-84F9-61F7BF0E75F6}.Debug|x86.Deploy.0 = Debug|x86
		{74DE6CC2-0695-4C68-84F9-61F7BF0E75F6}.Release|Any CPU.ActiveCfg = Release|Any CPU
		{74DE6CC2-0695-4C68-84F9-61F7BF0E75F6}.Release|Any CPU.Build.0 = Release|Any CPU
		{74DE6CC2-0695-4C68-84F9-61F7BF0E75F6}.Release|Any CPU.Deploy.0 = Release|Any CPU
		{74DE6CC2-0695-4C68-84F9-61F7BF0E75F6}.Release|ARM.ActiveCfg = Release|ARM
		{74DE6CC2-0695-4C68-84F9-61F7BF0E75F6}.Release|ARM.Build.0 = Release|ARM
		{74DE6CC2-0695-4C68-84F9-61F7BF0E75F6}.Release|ARM.Deploy.0 = Release|ARM
		{74DE6CC2-0695-4C68-84F9-61F7BF0E75F6}.Release|iPhone.ActiveCfg = Release|Any CPU
		{74DE6CC2-0695-4C68-84F9-61F7BF0E75F6}.Release|iPhone.Build.0 = Release|Any CPU
		{74DE6CC2-0695-4C68-84F9-61F7BF0E75F6}.Release|iPhone.Deploy.0 = Release|Any CPU
		{74DE6CC2-0695-4C68-84F9-61F7BF0E75F6}.Release|iPhoneSimulator.ActiveCfg = Release|Any CPU
		{74DE6CC2-0695-4C68-84F9-61F7BF0E75F6}.Release|iPhoneSimulator.Build.0 = Release|Any CPU
		{74DE6CC2-0695-4C68-84F9-61F7BF0E75F6}.Release|iPhoneSimulator.Deploy.0 = Release|Any CPU
		{74DE6CC2-0695-4C68-84F9-61F7BF0E75F6}.Release|x86.ActiveCfg = Release|x86
		{74DE6CC2-0695-4C68-84F9-61F7BF0E75F6}.Release|x86.Build.0 = Release|x86
		{74DE6CC2-0695-4C68-84F9-61F7BF0E75F6}.Release|x86.Deploy.0 = Release|x86
	EndGlobalSection
	GlobalSection(SolutionProperties) = preSolution
		HideSolutionNode = FALSE
	EndGlobalSection
EndGlobal
